
Microsoft Visual Studio Solution File, Format Version 12.00
# Visual Studio Version 17
VisualStudioVersion = 17.11.35327.3
MinimumVisualStudioVersion = 10.0.40219.1
Project("{FAE04EC0-301F-11D3-BF4B-00C04F79EFBC}") = "HelloASP", "HelloASP\HelloASP.csproj", "{E0EDF19E-3C60-4978-A686-4DC33FB0B15B}"
EndProject
Project("{FAE04EC0-301F-11D3-BF4B-00C04F79EFBC}") = "HelloASP.Data", "HelloASP.Data\HelloASP.Data.csproj", "{A8F60C70-67F2-4899-9E1E-569C6B1C073D}"
EndProject
Global
	GlobalSection(SolutionConfigurationPlatforms) = preSolution
		Debug|Any CPU = Debug|Any CPU
		Release|Any CPU = Release|Any CPU
	EndGlobalSection
	GlobalSection(ProjectConfigurationPlatforms) = postSolution
		{E0EDF19E-3C60-4978-A686-4DC33FB0B15B}.Debug|Any CPU.ActiveCfg = Debug|Any CPU
		{E0EDF19E-3C60-4978-A686-4DC33FB0B15B}.Debug|Any CPU.Build.0 = Debug|Any CPU
		{E0EDF19E-3C60-4978-A686-4DC33FB0B15B}.Release|Any CPU.ActiveCfg = Release|Any CPU
		{E0EDF19E-3C60-4978-A686-4DC33FB0B15B}.Release|Any CPU.Build.0 = Release|Any CPU
		{A8F60C70-67F2-4899-9E1E-569C6B1C073D}.Debug|Any CPU.ActiveCfg = Debug|Any CPU
		{A8F60C70-67F2-4899-9E1E-569C6B1C073D}.Debug|Any CPU.Build.0 = Debug|Any CPU
		{A8F60C70-67F2-4899-9E1E-569C6B1C073D}.Release|Any CPU.ActiveCfg = Release|Any CPU
		{A8F60C70-67F2-4899-9E1E-569C6B1C073D}.Release|Any CPU.Build.0 = Release|Any CPU
	EndGlobalSection
	GlobalSection(SolutionProperties) = preSolution
		HideSolutionNode = FALSE
	EndGlobalSection
	GlobalSection(ExtensibilityGlobals) = postSolution
		SolutionGuid = {E3EE9F2C-EAEF-4A5D-AD47-4B1E776E63DA}
	EndGlobalSection
EndGlobal
